
Microsoft Visual Studio Solution File, Format Version 12.00
# Visual Studio 2013
VisualStudioVersion = 12.0.40629.0
MinimumVisualStudioVersion = 10.0.40219.1
Project("{FAE04EC0-301F-11D3-BF4B-00C04F79EFBC}") = "MyWeb", "MyWeb\MyWeb.csproj", "{4BF86270-8C1D-4D5D-8E24-654F612E65CE}"
EndProject
Project("{FAE04EC0-301F-11D3-BF4B-00C04F79EFBC}") = "MyWeb.Service", "MyWebService\MyWeb.Service.csproj", "{3F8C7593-ADB5-4C78-BC27-5677CCFE7539}"
EndProject
Project("{FAE04EC0-301F-11D3-BF4B-00C04F79EFBC}") = "MyWeb.Domain", "MyWeb.Domain\MyWeb.Domain.csproj", "{17C1E670-C3B2-401D-9593-5A1C47E8B650}"
EndProject
Project("{FAE04EC0-301F-11D3-BF4B-00C04F79EFBC}") = "MyWeb.Repository", "MyWeb.Repostory\MyWeb.Repository.csproj", "{B968FDFB-883A-49A9-BF73-2C0FE1357183}"
EndProject
Global
	GlobalSection(SolutionConfigurationPlatforms) = preSolution
		Debug|Any CPU = Debug|Any CPU
		Release|Any CPU = Release|Any CPU
	EndGlobalSection
	GlobalSection(ProjectConfigurationPlatforms) = postSolution
		{4BF86270-8C1D-4D5D-8E24-654F612E65CE}.Debug|Any CPU.ActiveCfg = Debug|Any CPU
		{4BF86270-8C1D-4D5D-8E24-654F612E65CE}.Debug|Any CPU.Build.0 = Debug|Any CPU
		{4BF86270-8C1D-4D5D-8E24-654F612E65CE}.Release|Any CPU.ActiveCfg = Release|Any CPU
		{4BF86270-8C1D-4D5D-8E24-654F612E65CE}.Release|Any CPU.Build.0 = Release|Any CPU
		{3F8C7593-ADB5-4C78-BC27-5677CCFE7539}.Debug|Any CPU.ActiveCfg = Debug|Any CPU
		{3F8C7593-ADB5-4C78-BC27-5677CCFE7539}.Debug|Any CPU.Build.0 = Debug|Any CPU
		{3F8C7593-ADB5-4C78-BC27-5677CCFE7539}.Release|Any CPU.ActiveCfg = Release|Any CPU
		{3F8C7593-ADB5-4C78-BC27-5677CCFE7539}.Release|Any CPU.Build.0 = Release|Any CPU
		{17C1E670-C3B2-401D-9593-5A1C47E8B650}.Debug|Any CPU.ActiveCfg = Debug|Any CPU
		{17C1E670-C3B2-401D-9593-5A1C47E8B650}.Debug|Any CPU.Build.0 = Debug|Any CPU
		{17C1E670-C3B2-401D-9593-5A1C47E8B650}.Release|Any CPU.ActiveCfg = Release|Any CPU
		{17C1E670-C3B2-401D-9593-5A1C47E8B650}.Release|Any CPU.Build.0 = Release|Any CPU
		{B968FDFB-883A-49A9-BF73-2C0FE1357183}.Debug|Any CPU.ActiveCfg = Debug|Any CPU
		{B968FDFB-883A-49A9-BF73-2C0FE1357183}.Debug|Any CPU.Build.0 = Debug|Any CPU
		{B968FDFB-883A-49A9-BF73-2C0FE1357183}.Release|Any CPU.ActiveCfg = Release|Any CPU
		{B968FDFB-883A-49A9-BF73-2C0FE1357183}.Release|Any CPU.Build.0 = Release|Any CPU
	EndGlobalSection
	GlobalSection(SolutionProperties) = preSolution
		HideSolutionNode = FALSE
	EndGlobalSection
EndGlobal
